
Microsoft Visual Studio Solution File, Format Version 12.00
# Visual Studio 15
VisualStudioVersion = 15.0.27130.2027
MinimumVisualStudioVersion = 10.0.40219.1
Project("{9A19103F-16F7-4668-BE54-9A1E7A4F7556}") = "DAL", "DAL\DAL.csproj", "{5B55ED84-5FC3-4D1C-B044-E0E8CC1E229D}"
EndProject
Project("{9A19103F-16F7-4668-BE54-9A1E7A4F7556}") = "WebApi", "WebApi\WebApi.csproj", "{0EC6B839-4C9B-49B2-9552-B418E2033D37}"
EndProject
Project("{9A19103F-16F7-4668-BE54-9A1E7A4F7556}") = "DbUpProject", "DbUpProject\DbUpProject.csproj", "{1F279ED3-14A9-459F-A903-3764F15918FF}"
EndProject
Project("{FAE04EC0-301F-11D3-BF4B-00C04F79EFBC}") = "DbFillWithTestData", "DbFillWithTestData\DbFillWithTestData.csproj", "{1FE2DC25-7EF7-424A-ACA4-B665234F51DA}"
EndProject
Project("{FAE04EC0-301F-11D3-BF4B-00C04F79EFBC}") = "Domain", "Domain\Domain.csproj", "{68A9B2BA-3FE1-4722-9931-025E6733C5FF}"
EndProject
Global
	GlobalSection(SolutionConfigurationPlatforms) = preSolution
		Debug|Any CPU = Debug|Any CPU
		Release|Any CPU = Release|Any CPU
	EndGlobalSection
	GlobalSection(ProjectConfigurationPlatforms) = postSolution
		{5B55ED84-5FC3-4D1C-B044-E0E8CC1E229D}.Debug|Any CPU.ActiveCfg = Debug|Any CPU
		{5B55ED84-5FC3-4D1C-B044-E0E8CC1E229D}.Debug|Any CPU.Build.0 = Debug|Any CPU
		{5B55ED84-5FC3-4D1C-B044-E0E8CC1E229D}.Release|Any CPU.ActiveCfg = Release|Any CPU
		{5B55ED84-5FC3-4D1C-B044-E0E8CC1E229D}.Release|Any CPU.Build.0 = Release|Any CPU
		{0EC6B839-4C9B-49B2-9552-B418E2033D37}.Debug|Any CPU.ActiveCfg = Debug|Any CPU
		{0EC6B839-4C9B-49B2-9552-B418E2033D37}.Debug|Any CPU.Build.0 = Debug|Any CPU
		{0EC6B839-4C9B-49B2-9552-B418E2033D37}.Release|Any CPU.ActiveCfg = Release|Any CPU
		{0EC6B839-4C9B-49B2-9552-B418E2033D37}.Release|Any CPU.Build.0 = Release|Any CPU
		{1F279ED3-14A9-459F-A903-3764F15918FF}.Debug|Any CPU.ActiveCfg = Debug|Any CPU
		{1F279ED3-14A9-459F-A903-3764F15918FF}.Debug|Any CPU.Build.0 = Debug|Any CPU
		{1F279ED3-14A9-459F-A903-3764F15918FF}.Release|Any CPU.ActiveCfg = Release|Any CPU
		{1F279ED3-14A9-459F-A903-3764F15918FF}.Release|Any CPU.Build.0 = Release|Any CPU
		{1FE2DC25-7EF7-424A-ACA4-B665234F51DA}.Debug|Any CPU.ActiveCfg = Debug|Any CPU
		{1FE2DC25-7EF7-424A-ACA4-B665234F51DA}.Debug|Any CPU.Build.0 = Debug|Any CPU
		{1FE2DC25-7EF7-424A-ACA4-B665234F51DA}.Release|Any CPU.ActiveCfg = Release|Any CPU
		{1FE2DC25-7EF7-424A-ACA4-B665234F51DA}.Release|Any CPU.Build.0 = Release|Any CPU
		{68A9B2BA-3FE1-4722-9931-025E6733C5FF}.Debug|Any CPU.ActiveCfg = Debug|Any CPU
		{68A9B2BA-3FE1-4722-9931-025E6733C5FF}.Debug|Any CPU.Build.0 = Debug|Any CPU
		{68A9B2BA-3FE1-4722-9931-025E6733C5FF}.Release|Any CPU.ActiveCfg = Release|Any CPU
		{68A9B2BA-3FE1-4722-9931-025E6733C5FF}.Release|Any CPU.Build.0 = Release|Any CPU
	EndGlobalSection
	GlobalSection(SolutionProperties) = preSolution
		HideSolutionNode = FALSE
	EndGlobalSection
	GlobalSection(ExtensibilityGlobals) = postSolution
		SolutionGuid = {6066819B-DC08-4D38-B11E-562B9BF3BEC2}
	EndGlobalSection
EndGlobal
