
Microsoft Visual Studio Solution File, Format Version 12.00
# Visual Studio 15
VisualStudioVersion = 15.0.26730.12
MinimumVisualStudioVersion = 10.0.40219.1
Project("{9A19103F-16F7-4668-BE54-9A1E7A4F7556}") = "Domovoi.DAL", "Domovoi.DAL\Domovoi.DAL.csproj", "{5B55ED84-5FC3-4D1C-B044-E0E8CC1E229D}"
EndProject
Project("{FAE04EC0-301F-11D3-BF4B-00C04F79EFBC}") = "Domovoi.MainSite", "Domovoi.MainSite\Domovoi.MainSite.csproj", "{43A07F01-3F33-40E6-A0A3-EAC780C2B6A4}"
EndProject
Global
	GlobalSection(SolutionConfigurationPlatforms) = preSolution
		Debug|Any CPU = Debug|Any CPU
		Release|Any CPU = Release|Any CPU
	EndGlobalSection
	GlobalSection(ProjectConfigurationPlatforms) = postSolution
		{5B55ED84-5FC3-4D1C-B044-E0E8CC1E229D}.Debug|Any CPU.ActiveCfg = Debug|Any CPU
		{5B55ED84-5FC3-4D1C-B044-E0E8CC1E229D}.Debug|Any CPU.Build.0 = Debug|Any CPU
		{5B55ED84-5FC3-4D1C-B044-E0E8CC1E229D}.Release|Any CPU.ActiveCfg = Release|Any CPU
		{5B55ED84-5FC3-4D1C-B044-E0E8CC1E229D}.Release|Any CPU.Build.0 = Release|Any CPU
		{43A07F01-3F33-40E6-A0A3-EAC780C2B6A4}.Debug|Any CPU.ActiveCfg = Debug|Any CPU
		{43A07F01-3F33-40E6-A0A3-EAC780C2B6A4}.Debug|Any CPU.Build.0 = Debug|Any CPU
		{43A07F01-3F33-40E6-A0A3-EAC780C2B6A4}.Release|Any CPU.ActiveCfg = Release|Any CPU
		{43A07F01-3F33-40E6-A0A3-EAC780C2B6A4}.Release|Any CPU.Build.0 = Release|Any CPU
	EndGlobalSection
	GlobalSection(SolutionProperties) = preSolution
		HideSolutionNode = FALSE
	EndGlobalSection
	GlobalSection(ExtensibilityGlobals) = postSolution
		SolutionGuid = {6066819B-DC08-4D38-B11E-562B9BF3BEC2}
	EndGlobalSection
EndGlobal
